
Microsoft Visual Studio Solution File, Format Version 12.00
# Visual Studio Version 17
VisualStudioVersion = 17.7.34221.43
MinimumVisualStudioVersion = 10.0.40219.1
Project("{FAE04EC0-301F-11D3-BF4B-00C04F79EFBC}") = "TheCocktailDB.ApiTest", "TheCocktailDB.ApiTest.csproj", "{610529A4-12D6-4491-803F-F015D6F799FF}"
EndProject
Global
	GlobalSection(SolutionConfigurationPlatforms) = preSolution
		Debug|Any CPU = Debug|Any CPU
		Release|Any CPU = Release|Any CPU
	EndGlobalSection
	GlobalSection(ProjectConfigurationPlatforms) = postSolution
		{610529A4-12D6-4491-803F-F015D6F799FF}.Debug|Any CPU.ActiveCfg = Debug|Any CPU
		{610529A4-12D6-4491-803F-F015D6F799FF}.Debug|Any CPU.Build.0 = Debug|Any CPU
		{610529A4-12D6-4491-803F-F015D6F799FF}.Release|Any CPU.ActiveCfg = Release|Any CPU
		{610529A4-12D6-4491-803F-F015D6F799FF}.Release|Any CPU.Build.0 = Release|Any CPU
	EndGlobalSection
	GlobalSection(SolutionProperties) = preSolution
		HideSolutionNode = FALSE
	EndGlobalSection
	GlobalSection(ExtensibilityGlobals) = postSolution
		SolutionGuid = {12F5D60D-02C3-47DF-86FC-2D18C84D858C}
	EndGlobalSection
EndGlobal
